// !$*UTF8*$!
{
	archiveVersion = 1;
	classes = {
	};
	objectVersion = 50;
	objects = {

/* Begin PBXBuildFile section */
		B6CEC79426CD3F4900D84EBC /* AppDelegate.swift in Sources */ = {isa = PBXBuildFile; fileRef = B6CEC79326CD3F4900D84EBC /* AppDelegate.swift */; };
		B6CEC79626CD3F4900D84EBC /* SceneDelegate.swift in Sources */ = {isa = PBXBuildFile; fileRef = B6CEC79526CD3F4900D84EBC /* SceneDelegate.swift */; };
		B6CEC79826CD3F4900D84EBC /* ViewController.swift in Sources */ = {isa = PBXBuildFile; fileRef = B6CEC79726CD3F4900D84EBC /* ViewController.swift */; };
		B6CEC79B26CD3F4900D84EBC /* Main.storyboard in Resources */ = {isa = PBXBuildFile; fileRef = B6CEC79926CD3F4900D84EBC /* Main.storyboard */; };
		B6CEC79D26CD3F4A00D84EBC /* Assets.xcassets in Resources */ = {isa = PBXBuildFile; fileRef = B6CEC79C26CD3F4A00D84EBC /* Assets.xcassets */; };
		B6CEC7A026CD3F4A00D84EBC /* LaunchScreen.storyboard in Resources */ = {isa = PBXBuildFile; fileRef = B6CEC79E26CD3F4A00D84EBC /* LaunchScreen.storyboard */; };
/* End PBXBuildFile section */

/* Begin PBXFileReference section */
		B6CEC79026CD3F4900D84EBC /* GithubPractiseProject.app */ = {isa = PBXFileReference; explicitFileType = wrapper.application; includeInIndex = 0; path = GithubPractiseProject.app; sourceTree = BUILT_PRODUCTS_DIR; };
		B6CEC79326CD3F4900D84EBC /* AppDelegate.swift */ = {isa = PBXFileReference; lastKnownFileType = sourcecode.swift; path = AppDelegate.swift; sourceTree = "<group>"; };
		B6CEC79526CD3F4900D84EBC /* SceneDelegate.swift */ = {isa = PBXFileReference; lastKnownFileType = sourcecode.swift; path = SceneDelegate.swift; sourceTree = "<group>"; };
		B6CEC79726CD3F4900D84EBC /* ViewController.swift */ = {isa = PBXFileReference; lastKnownFileType = sourcecode.swift; path = ViewController.swift; sourceTree = "<group>"; };
		B6CEC79A26CD3F4900D84EBC /* Base */ = {isa = PBXFileReference; lastKnownFileType = file.storyboard; name = Base; path = Base.lproj/Main.storyboard; sourceTree = "<group>"; };
		B6CEC79C26CD3F4A00D84EBC /* Assets.xcassets */ = {isa = PBXFileReference; lastKnownFileType = folder.assetcatalog; path = Assets.xcassets; sourceTree = "<group>"; };
		B6CEC79F26CD3F4A00D84EBC /* Base */ = {isa = PBXFileReference; lastKnownFileType = file.storyboard; name = Base; path = Base.lproj/LaunchScreen.storyboard; sourceTree = "<group>"; };
		B6CEC7A126CD3F4A00D84EBC /* Info.plist */ = {isa = PBXFileReference; lastKnownFileType = text.plist.xml; path = Info.plist; sourceTree = "<group>"; };
/* End PBXFileReference section */

/* Begin PBXFrameworksBuildPhase section */
		B6CEC78D26CD3F4900D84EBC /* Frameworks */ = {
			isa = PBXFrameworksBuildPhase;
			buildActionMask = 2147483647;
			files = (
			);
			runOnlyForDeploymentPostprocessing = 0;
		};
/* End PBXFrameworksBuildPhase section */

/* Begin PBXGroup section */
		B6CEC78726CD3F4900D84EBC = {
			isa = PBXGroup;
			children = (
				B6CEC79226CD3F4900D84EBC /* GithubPractiseProject */,
				B6CEC79126CD3F4900D84EBC /* Products */,
			);
			sourceTree = "<group>";
		};
		B6CEC79126CD3F4900D84EBC /* Products */ = {
			isa = PBXGroup;
			children = (
				B6CEC79026CD3F4900D84EBC /* GithubPractiseProject.app */,
			);
			name = Products;
			sourceTree = "<group>";
		};
		B6CEC79226CD3F4900D84EBC /* GithubPractiseProject */ = {
			isa = PBXGroup;
			children = (
				B6CEC79326CD3F4900D84EBC /* AppDelegate.swift */,
				B6CEC79526CD3F4900D84EBC /* SceneDelegate.swift */,
				B6CEC79726CD3F4900D84EBC /* ViewController.swift */,
				B6CEC79926CD3F4900D84EBC /* Main.storyboard */,
				B6CEC79C26CD3F4A00D84EBC /* Assets.xcassets */,
				B6CEC79E26CD3F4A00D84EBC /* LaunchScreen.storyboard */,
				B6CEC7A126CD3F4A00D84EBC /* Info.plist */,
			);
			path = GithubPractiseProject;
			sourceTree = "<group>";
		};
/* End PBXGroup section */

/* Begin PBXNativeTarget section */
		B6CEC78F26CD3F4900D84EBC /* GithubPractiseProject */ = {
			isa = PBXNativeTarget;
			buildConfigurationList = B6CEC7A426CD3F4A00D84EBC /* Build configuration list for PBXNativeTarget "GithubPractiseProject" */;
			buildPhases = (
				B6CEC78C26CD3F4900D84EBC /* Sources */,
				B6CEC78D26CD3F4900D84EBC /* Frameworks */,
				B6CEC78E26CD3F4900D84EBC /* Resources */,
			);
			buildRules = (
			);
			dependencies = (
			);
			name = GithubPractiseProject;
			productName = GithubPractiseProject;
			productReference = B6CEC79026CD3F4900D84EBC /* GithubPractiseProject.app */;
			productType = "com.apple.product-type.application";
		};
/* End PBXNativeTarget section */

/* Begin PBXProject section */
		B6CEC78826CD3F4900D84EBC /* Project object */ = {
			isa = PBXProject;
			attributes = {
				LastSwiftUpdateCheck = 1240;
				LastUpgradeCheck = 1240;
				TargetAttributes = {
					B6CEC78F26CD3F4900D84EBC = {
						CreatedOnToolsVersion = 12.4;
					};
				};
			};
			buildConfigurationList = B6CEC78B26CD3F4900D84EBC /* Build configuration list for PBXProject "GithubPractiseProject" */;
			compatibilityVersion = "Xcode 9.3";
			developmentRegion = en;
			hasScannedForEncodings = 0;
			knownRegions = (
				en,
				Base,
			);
			mainGroup = B6CEC78726CD3F4900D84EBC;
			productRefGroup = B6CEC79126CD3F4900D84EBC /* Products */;
			projectDirPath = "";
			projectRoot = "";
			targets = (
				B6CEC78F26CD3F4900D84EBC /* GithubPractiseProject */,
			);
		};
/* End PBXProject section */

/* Begin PBXResourcesBuildPhase section */
		B6CEC78E26CD3F4900D84EBC /* Resources */ = {
			isa = PBXResourcesBuildPhase;
			buildActionMask = 2147483647;
			files = (
				B6CEC7A026CD3F4A00D84EBC /* LaunchScreen.storyboard in Resources */,
				B6CEC79D26CD3F4A00D84EBC /* Assets.xcassets in Resources */,
				B6CEC79B26CD3F4900D84EBC /* Main.storyboard in Resources */,
			);
			runOnlyForDeploymentPostprocessing = 0;
		};
/* End PBXResourcesBuildPhase section */

/* Begin PBXSourcesBuildPhase section */
		B6CEC78C26CD3F4900D84EBC /* Sources */ = {
			isa = PBXSourcesBuildPhase;
			buildActionMask = 2147483647;
			files = (
				B6CEC79826CD3F4900D84EBC /* ViewController.swift in Sources */,
				B6CEC79426CD3F4900D84EBC /* AppDelegate.swift in Sources */,
				B6CEC79626CD3F4900D84EBC /* SceneDelegate.swift in Sources */,
			);
			runOnlyForDeploymentPostprocessing = 0;
		};
/* End PBXSourcesBuildPhase section */

/* Begin PBXVariantGroup section */
		B6CEC79926CD3F4900D84EBC /* Main.storyboard */ = {
			isa = PBXVariantGroup;
			children = (
				B6CEC79A26CD3F4900D84EBC /* Base */,
			);
			name = Main.storyboard;
			sourceTree = "<group>";
		};
		B6CEC79E26CD3F4A00D84EBC /* LaunchScreen.storyboard */ = {
			isa = PBXVariantGroup;
			children = (
				B6CEC79F26CD3F4A00D84EBC /* Base */,
			);
			name = LaunchScreen.storyboard;
			sourceTree = "<group>";
		};
/* End PBXVariantGroup section */

/* Begin XCBuildConfiguration section */
		B6CEC7A226CD3F4A00D84EBC /* Debug */ = {
			isa = XCBuildConfiguration;
			buildSettings = {
				ALWAYS_SEARCH_USER_PATHS = NO;
				CLANG_ANALYZER_NONNULL = YES;
				CLANG_ANALYZER_NUMBER_OBJECT_CONVERSION = YES_AGGRESSIVE;
				CLANG_CXX_LANGUAGE_STANDARD = "gnu++14";
				CLANG_CXX_LIBRARY = "libc++";
				CLANG_ENABLE_MODULES = YES;
				CLANG_ENABLE_OBJC_ARC = YES;
				CLANG_ENABLE_OBJC_WEAK = YES;
				CLANG_WARN_BLOCK_CAPTURE_AUTORELEASING = YES;
				CLANG_WARN_BOOL_CONVERSION = YES;
				CLANG_WARN_COMMA = YES;
				CLANG_WARN_CONSTANT_CONVERSION = YES;
				CLANG_WARN_DEPRECATED_OBJC_IMPLEMENTATIONS = YES;
				CLANG_WARN_DIRECT_OBJC_ISA_USAGE = YES_ERROR;
				CLANG_WARN_DOCUMENTATION_COMMENTS = YES;
				CLANG_WARN_EMPTY_BODY = YES;
				CLANG_WARN_ENUM_CONVERSION = YES;
				CLANG_WARN_INFINITE_RECURSION = YES;
				CLANG_WARN_INT_CONVERSION = YES;
				CLANG_WARN_NON_LITERAL_NULL_CONVERSION = YES;
				CLANG_WARN_OBJC_IMPLICIT_RETAIN_SELF = YES;
				CLANG_WARN_OBJC_LITERAL_CONVERSION = YES;
				CLANG_WARN_OBJC_ROOT_CLASS = YES_ERROR;
				CLANG_WARN_QUOTED_INCLUDE_IN_FRAMEWORK_HEADER = YES;
				CLANG_WARN_RANGE_LOOP_ANALYSIS = YES;
				CLANG_WARN_STRICT_PROTOTYPES = YES;
				CLANG_WARN_SUSPICIOUS_MOVE = YES;
				CLANG_WARN_UNGUARDED_AVAILABILITY = YES_AGGRESSIVE;
				CLANG_WARN_UNREACHABLE_CODE = YES;
				CLANG_WARN__DUPLICATE_METHOD_MATCH = YES;
				COPY_PHASE_STRIP = NO;
				DEBUG_INFORMATION_FORMAT = dwarf;
				ENABLE_STRICT_OBJC_MSGSEND = YES;
				ENABLE_TESTABILITY = YES;
				GCC_C_LANGUAGE_STANDARD = gnu11;
				GCC_DYNAMIC_NO_PIC = NO;
				GCC_NO_COMMON_BLOCKS = YES;
				GCC_OPTIMIZATION_LEVEL = 0;
				GCC_PREPROCESSOR_DEFINITIONS = (
					"DEBUG=1",
					"$(inherited)",
				);
				GCC_WARN_64_TO_32_BIT_CONVERSION = YES;
				GCC_WARN_ABOUT_RETURN_TYPE = YES_ERROR;
				GCC_WARN_UNDECLARED_SELECTOR = YES;
				GCC_WARN_UNINITIALIZED_AUTOS = YES_AGGRESSIVE;
				GCC_WARN_UNUSED_FUNCTION = YES;
				GCC_WARN_UNUSED_VARIABLE = YES;
				IPHONEOS_DEPLOYMENT_TARGET = 14.4;
				MTL_ENABLE_DEBUG_INFO = INCLUDE_SOURCE;
				MTL_FAST_MATH = YES;
				ONLY_ACTIVE_ARCH = YES;
				SDKROOT = iphoneos;
				SWIFT_ACTIVE_COMPILATION_CONDITIONS = DEBUG;
				SWIFT_OPTIMIZATION_LEVEL = "-Onone";
			};
			name = Debug;
		};
		B6CEC7A326CD3F4A00D84EBC /* Release */ = {
			isa = XCBuildConfiguration;
			buildSettings = {
				ALWAYS_SEARCH_USER_PATHS = NO;
				CLANG_ANALYZER_NONNULL = YES;
				CLANG_ANALYZER_NUMBER_OBJECT_CONVERSION = YES_AGGRESSIVE;
				CLANG_CXX_LANGUAGE_STANDARD = "gnu++14";
				CLANG_CXX_LIBRARY = "libc++";
				CLANG_ENABLE_MODULES = YES;
				CLANG_ENABLE_OBJC_ARC = YES;
				CLANG_ENABLE_OBJC_WEAK = YES;
				CLANG_WARN_BLOCK_CAPTURE_AUTORELEASING = YES;
				CLANG_WARN_BOOL_CONVERSION = YES;
				CLANG_WARN_COMMA = YES;
				CLANG_WARN_CONSTANT_CONVERSION = YES;
				CLANG_WARN_DEPRECATED_OBJC_IMPLEMENTATIONS = YES;
				CLANG_WARN_DIRECT_OBJC_ISA_USAGE = YES_ERROR;
				CLANG_WARN_DOCUMENTATION_COMMENTS = YES;
				CLANG_WARN_EMPTY_BODY = YES;
				CLANG_WARN_ENUM_CONVERSION = YES;
				CLANG_WARN_INFINITE_RECURSION = YES;
				CLANG_WARN_INT_CONVERSION = YES;
				CLANG_WARN_NON_LITERAL_NULL_CONVERSION = YES;
				CLANG_WARN_OBJC_IMPLICIT_RETAIN_SELF = YES;
				CLANG_WARN_OBJC_LITERAL_CONVERSION = YES;
				CLANG_WARN_OBJC_ROOT_CLASS = YES_ERROR;
				CLANG_WARN_QUOTED_INCLUDE_IN_FRAMEWORK_HEADER = YES;
				CLANG_WARN_RANGE_LOOP_ANALYSIS = YES;
				CLANG_WARN_STRICT_PROTOTYPES = YES;
				CLANG_WARN_SUSPICIOUS_MOVE = YES;
				CLANG_WARN_UNGUARDED_AVAILABILITY = YES_AGGRESSIVE;
				CLANG_WARN_UNREACHABLE_CODE = YES;
				CLANG_WARN__DUPLICATE_METHOD_MATCH = YES;
				COPY_PHASE_STRIP = NO;
				DEBUG_INFORMATION_FORMAT = "dwarf-with-dsym";
				ENABLE_NS_ASSERTIONS = NO;
				ENABLE_STRICT_OBJC_MSGSEND = YES;
				GCC_C_LANGUAGE_STANDARD = gnu11;
				GCC_NO_COMMON_BLOCKS = YES;
				GCC_WARN_64_TO_32_BIT_CONVERSION = YES;
				GCC_WARN_ABOUT_RETURN_TYPE = YES_ERROR;
				GCC_WARN_UNDECLARED_SELECTOR = YES;
				GCC_WARN_UNINITIALIZED_AUTOS = YES_AGGRESSIVE;
				GCC_WARN_UNUSED_FUNCTION = YES;
				GCC_WARN_UNUSED_VARIABLE = YES;
				IPHONEOS_DEPLOYMENT_TARGET = 14.4;
				MTL_ENABLE_DEBUG_INFO = NO;
				MTL_FAST_MATH = YES;
				SDKROOT = iphoneos;
				SWIFT_COMPILATION_MODE = wholemodule;
				SWIFT_OPTIMIZATION_LEVEL = "-O";
				VALIDATE_PRODUCT = YES;
			};
			name = Release;
		};
		B6CEC7A526CD3F4A00D84EBC /* Debug */ = {
			isa = XCBuildConfiguration;
			buildSettings = {
				ASSETCATALOG_COMPILER_APPICON_NAME = AppIcon;
				ASSETCATALOG_COMPILER_GLOBAL_ACCENT_COLOR_NAME = AccentColor;
				CODE_SIGN_STYLE = Automatic;
				DEVELOPMENT_TEAM = D5R69Q32RG;
				INFOPLIST_FILE = GithubPractiseProject/Info.plist;
				LD_RUNPATH_SEARCH_PATHS = (
					"$(inherited)",
					"@executable_path/Frameworks",
				);
				PRODUCT_BUNDLE_IDENTIFIER = "Hady-Org.GithubPractiseProject";
				PRODUCT_NAME = "$(TARGET_NAME)";
				SWIFT_VERSION = 5.0;
				TARGETED_DEVICE_FAMILY = "1,2";
			};
			name = Debug;
		};
		B6CEC7A626CD3F4A00D84EBC /* Release */ = {
			isa = XCBuildConfiguration;
			buildSettings = {
				ASSETCATALOG_COMPILER_APPICON_NAME = AppIcon;
				ASSETCATALOG_COMPILER_GLOBAL_ACCENT_COLOR_NAME = AccentColor;
				CODE_SIGN_STYLE = Automatic;
				DEVELOPMENT_TEAM = D5R69Q32RG;
				INFOPLIST_FILE = GithubPractiseProject/Info.plist;
				LD_RUNPATH_SEARCH_PATHS = (
					"$(inherited)",
					"@executable_path/Frameworks",
				);
				PRODUCT_BUNDLE_IDENTIFIER = "Hady-Org.GithubPractiseProject";
				PRODUCT_NAME = "$(TARGET_NAME)";
				SWIFT_VERSION = 5.0;
				TARGETED_DEVICE_FAMILY = "1,2";
			};
			name = Release;
		};
/* End XCBuildConfiguration section */

/* Begin XCConfigurationList section */
		B6CEC78B26CD3F4900D84EBC /* Build configuration list for PBXProject "GithubPractiseProject" */ = {
			isa = XCConfigurationList;
			buildConfigurations = (
				B6CEC7A226CD3F4A00D84EBC /* Debug */,
				B6CEC7A326CD3F4A00D84EBC /* Release */,
			);
			defaultConfigurationIsVisible = 0;
			defaultConfigurationName = Release;
		};
		B6CEC7A426CD3F4A00D84EBC /* Build configuration list for PBXNativeTarget "GithubPractiseProject" */ = {
			isa = XCConfigurationList;
			buildConfigurations = (
				B6CEC7A526CD3F4A00D84EBC /* Debug */,
				B6CEC7A626CD3F4A00D84EBC /* Release */,
			);
			defaultConfigurationIsVisible = 0;
			defaultConfigurationName = Release;
		};
/* End XCConfigurationList section */
	};
	rootObject = B6CEC78826CD3F4900D84EBC /* Project object */;
}
