// !$*UTF8*$!
{
	archiveVersion = 1;
	classes = {
	};
	objectVersion = 50;
	objects = {

/* Begin PBXBuildFile section */
		B6018E2226DE49A300072B5D /* GFItemInfoView.swift in Sources */ = {isa = PBXBuildFile; fileRef = B6018E2126DE49A300072B5D /* GFItemInfoView.swift */; };
		B6018E2526DE521300072B5D /* GFItemInfoVC.swift in Sources */ = {isa = PBXBuildFile; fileRef = B6018E2426DE521300072B5D /* GFItemInfoVC.swift */; };
		B6018E2826DE558300072B5D /* GFRepoItemVC.swift in Sources */ = {isa = PBXBuildFile; fileRef = B6018E2726DE558300072B5D /* GFRepoItemVC.swift */; };
		B6018E2B26DE581500072B5D /* GFFollowerItemVC.swift in Sources */ = {isa = PBXBuildFile; fileRef = B6018E2A26DE581500072B5D /* GFFollowerItemVC.swift */; };
		B670FF7826E1611900CF8D9C /* Date + Ext.swift in Sources */ = {isa = PBXBuildFile; fileRef = B670FF7726E1611900CF8D9C /* Date + Ext.swift */; };
		B67A7B9C26F39BFA0037504E /* FavoriteCell.swift in Sources */ = {isa = PBXBuildFile; fileRef = B67A7B9B26F39BFA0037504E /* FavoriteCell.swift */; };
		B67D525726D12B5A00A7737C /* Network Manager.swift in Sources */ = {isa = PBXBuildFile; fileRef = B67D525626D12B5A00A7737C /* Network Manager.swift */; };
		B67D525B26D136E600A7737C /* ErrorMessage.swift in Sources */ = {isa = PBXBuildFile; fileRef = B67D525A26D136E600A7737C /* ErrorMessage.swift */; };
		B67D525F26D145F600A7737C /* FollowerCell.swift in Sources */ = {isa = PBXBuildFile; fileRef = B67D525E26D145F600A7737C /* FollowerCell.swift */; };
		B67D526426D1463200A7737C /* GFAvatarImaveView.swift in Sources */ = {isa = PBXBuildFile; fileRef = B67D526326D1463200A7737C /* GFAvatarImaveView.swift */; };
		B67F371B26D7C0B300A5E37B /* GFSecondaryTitleLabel.swift in Sources */ = {isa = PBXBuildFile; fileRef = B67F371A26D7C0B300A5E37B /* GFSecondaryTitleLabel.swift */; };
		B67F371E26D7C18500A5E37B /* GFUserInfoHeaderVC.swift in Sources */ = {isa = PBXBuildFile; fileRef = B67F371D26D7C18500A5E37B /* GFUserInfoHeaderVC.swift */; };
		B67F372126D7E21700A5E37B /* SFSympols.swift in Sources */ = {isa = PBXBuildFile; fileRef = B67F372026D7E21700A5E37B /* SFSympols.swift */; };
		B6833D2326D65737006B7110 /* GFEmptyStateView.swift in Sources */ = {isa = PBXBuildFile; fileRef = B6833D2226D65737006B7110 /* GFEmptyStateView.swift */; };
		B6833D2726D67115006B7110 /* UserInfoVC.swift in Sources */ = {isa = PBXBuildFile; fileRef = B6833D2626D67115006B7110 /* UserInfoVC.swift */; };
		B685A94F26CE47D700824802 /* FollowerListVC.swift in Sources */ = {isa = PBXBuildFile; fileRef = B685A94E26CE47D700824802 /* FollowerListVC.swift */; };
		B689744026EA84E400EA4352 /* PersistanceManager.swift in Sources */ = {isa = PBXBuildFile; fileRef = B689743F26EA84E400EA4352 /* PersistanceManager.swift */; };
		B68B746926CEDBE40068FB06 /* GFAlertVC.swift in Sources */ = {isa = PBXBuildFile; fileRef = B68B746826CEDBE40068FB06 /* GFAlertVC.swift */; };
		B68B746D26CEE0180068FB06 /* UIViewController + Ext.swift in Sources */ = {isa = PBXBuildFile; fileRef = B68B746C26CEE0180068FB06 /* UIViewController + Ext.swift */; };
		B68B747626CEEFAD0068FB06 /* Follower.swift in Sources */ = {isa = PBXBuildFile; fileRef = B68B747526CEEFAD0068FB06 /* Follower.swift */; };
		B68B747926CEF0590068FB06 /* User.swift in Sources */ = {isa = PBXBuildFile; fileRef = B68B747826CEF0590068FB06 /* User.swift */; };
		B6947B1026F9088F00A06D57 /* GFTabBarController.swift in Sources */ = {isa = PBXBuildFile; fileRef = B6947B0F26F9088F00A06D57 /* GFTabBarController.swift */; };
		B697901E26CED59100721F75 /* GFTitleLabel.swift in Sources */ = {isa = PBXBuildFile; fileRef = B697901D26CED59100721F75 /* GFTitleLabel.swift */; };
		B697902126CED6FA00721F75 /* GFBodyLabel.swift in Sources */ = {isa = PBXBuildFile; fileRef = B697902026CED6FA00721F75 /* GFBodyLabel.swift */; };
		B6CEC79426CD3F4900D84EBC /* AppDelegate.swift in Sources */ = {isa = PBXBuildFile; fileRef = B6CEC79326CD3F4900D84EBC /* AppDelegate.swift */; };
		B6CEC79626CD3F4900D84EBC /* SceneDelegate.swift in Sources */ = {isa = PBXBuildFile; fileRef = B6CEC79526CD3F4900D84EBC /* SceneDelegate.swift */; };
		B6CEC79D26CD3F4A00D84EBC /* Assets.xcassets in Resources */ = {isa = PBXBuildFile; fileRef = B6CEC79C26CD3F4A00D84EBC /* Assets.xcassets */; };
		B6CEC7A026CD3F4A00D84EBC /* LaunchScreen.storyboard in Resources */ = {isa = PBXBuildFile; fileRef = B6CEC79E26CD3F4A00D84EBC /* LaunchScreen.storyboard */; };
		B6CEC7AB26CD4B4800D84EBC /* SearchVC.swift in Sources */ = {isa = PBXBuildFile; fileRef = B6CEC7AA26CD4B4800D84EBC /* SearchVC.swift */; };
		B6CEC7AE26CD4B6500D84EBC /* FavoriteListVC.swift in Sources */ = {isa = PBXBuildFile; fileRef = B6CEC7AD26CD4B6500D84EBC /* FavoriteListVC.swift */; };
		B6CEC7B226CD54DF00D84EBC /* GFButton.swift in Sources */ = {isa = PBXBuildFile; fileRef = B6CEC7B126CD54DF00D84EBC /* GFButton.swift */; };
		B6CEC7B526CD54F500D84EBC /* GFTextField.swift in Sources */ = {isa = PBXBuildFile; fileRef = B6CEC7B426CD54F500D84EBC /* GFTextField.swift */; };
		B6DB5A8F26D4045E000D6F44 /* UIHelper.swift in Sources */ = {isa = PBXBuildFile; fileRef = B6DB5A8E26D4045E000D6F44 /* UIHelper.swift */; };
/* End PBXBuildFile section */

/* Begin PBXFileReference section */
		B6018E2126DE49A300072B5D /* GFItemInfoView.swift */ = {isa = PBXFileReference; lastKnownFileType = sourcecode.swift; path = GFItemInfoView.swift; sourceTree = "<group>"; };
		B6018E2426DE521300072B5D /* GFItemInfoVC.swift */ = {isa = PBXFileReference; lastKnownFileType = sourcecode.swift; path = GFItemInfoVC.swift; sourceTree = "<group>"; };
		B6018E2726DE558300072B5D /* GFRepoItemVC.swift */ = {isa = PBXFileReference; lastKnownFileType = sourcecode.swift; path = GFRepoItemVC.swift; sourceTree = "<group>"; };
		B6018E2A26DE581500072B5D /* GFFollowerItemVC.swift */ = {isa = PBXFileReference; lastKnownFileType = sourcecode.swift; path = GFFollowerItemVC.swift; sourceTree = "<group>"; };
		B670FF7726E1611900CF8D9C /* Date + Ext.swift */ = {isa = PBXFileReference; lastKnownFileType = sourcecode.swift; path = "Date + Ext.swift"; sourceTree = "<group>"; };
		B67A7B9B26F39BFA0037504E /* FavoriteCell.swift */ = {isa = PBXFileReference; lastKnownFileType = sourcecode.swift; path = FavoriteCell.swift; sourceTree = "<group>"; };
		B67D525626D12B5A00A7737C /* Network Manager.swift */ = {isa = PBXFileReference; lastKnownFileType = sourcecode.swift; path = "Network Manager.swift"; sourceTree = "<group>"; };
		B67D525A26D136E600A7737C /* ErrorMessage.swift */ = {isa = PBXFileReference; lastKnownFileType = sourcecode.swift; path = ErrorMessage.swift; sourceTree = "<group>"; };
		B67D525E26D145F600A7737C /* FollowerCell.swift */ = {isa = PBXFileReference; lastKnownFileType = sourcecode.swift; path = FollowerCell.swift; sourceTree = "<group>"; };
		B67D526326D1463200A7737C /* GFAvatarImaveView.swift */ = {isa = PBXFileReference; lastKnownFileType = sourcecode.swift; path = GFAvatarImaveView.swift; sourceTree = "<group>"; };
		B67F371A26D7C0B300A5E37B /* GFSecondaryTitleLabel.swift */ = {isa = PBXFileReference; lastKnownFileType = sourcecode.swift; path = GFSecondaryTitleLabel.swift; sourceTree = "<group>"; };
		B67F371D26D7C18500A5E37B /* GFUserInfoHeaderVC.swift */ = {isa = PBXFileReference; lastKnownFileType = sourcecode.swift; path = GFUserInfoHeaderVC.swift; sourceTree = "<group>"; };
		B67F372026D7E21700A5E37B /* SFSympols.swift */ = {isa = PBXFileReference; lastKnownFileType = sourcecode.swift; path = SFSympols.swift; sourceTree = "<group>"; };
		B6833D2226D65737006B7110 /* GFEmptyStateView.swift */ = {isa = PBXFileReference; lastKnownFileType = sourcecode.swift; path = GFEmptyStateView.swift; sourceTree = "<group>"; };
		B6833D2626D67115006B7110 /* UserInfoVC.swift */ = {isa = PBXFileReference; lastKnownFileType = sourcecode.swift; path = UserInfoVC.swift; sourceTree = "<group>"; };
		B685A94E26CE47D700824802 /* FollowerListVC.swift */ = {isa = PBXFileReference; lastKnownFileType = sourcecode.swift; path = FollowerListVC.swift; sourceTree = "<group>"; };
		B689743F26EA84E400EA4352 /* PersistanceManager.swift */ = {isa = PBXFileReference; lastKnownFileType = sourcecode.swift; path = PersistanceManager.swift; sourceTree = "<group>"; };
		B68B746826CEDBE40068FB06 /* GFAlertVC.swift */ = {isa = PBXFileReference; lastKnownFileType = sourcecode.swift; path = GFAlertVC.swift; sourceTree = "<group>"; };
		B68B746C26CEE0180068FB06 /* UIViewController + Ext.swift */ = {isa = PBXFileReference; lastKnownFileType = sourcecode.swift; path = "UIViewController + Ext.swift"; sourceTree = "<group>"; };
		B68B747526CEEFAD0068FB06 /* Follower.swift */ = {isa = PBXFileReference; lastKnownFileType = sourcecode.swift; path = "\U0010Follower.swift"; sourceTree = "<group>"; };
		B68B747826CEF0590068FB06 /* User.swift */ = {isa = PBXFileReference; lastKnownFileType = sourcecode.swift; path = User.swift; sourceTree = "<group>"; };
		B6947B0F26F9088F00A06D57 /* GFTabBarController.swift */ = {isa = PBXFileReference; lastKnownFileType = sourcecode.swift; path = GFTabBarController.swift; sourceTree = "<group>"; };
		B697901D26CED59100721F75 /* GFTitleLabel.swift */ = {isa = PBXFileReference; lastKnownFileType = sourcecode.swift; path = GFTitleLabel.swift; sourceTree = "<group>"; };
		B697902026CED6FA00721F75 /* GFBodyLabel.swift */ = {isa = PBXFileReference; lastKnownFileType = sourcecode.swift; path = GFBodyLabel.swift; sourceTree = "<group>"; };
		B6CEC79026CD3F4900D84EBC /* GithubPractiseProject.app */ = {isa = PBXFileReference; explicitFileType = wrapper.application; includeInIndex = 0; path = GithubPractiseProject.app; sourceTree = BUILT_PRODUCTS_DIR; };
		B6CEC79326CD3F4900D84EBC /* AppDelegate.swift */ = {isa = PBXFileReference; lastKnownFileType = sourcecode.swift; path = AppDelegate.swift; sourceTree = "<group>"; };
		B6CEC79526CD3F4900D84EBC /* SceneDelegate.swift */ = {isa = PBXFileReference; lastKnownFileType = sourcecode.swift; path = SceneDelegate.swift; sourceTree = "<group>"; };
		B6CEC79C26CD3F4A00D84EBC /* Assets.xcassets */ = {isa = PBXFileReference; lastKnownFileType = folder.assetcatalog; path = Assets.xcassets; sourceTree = "<group>"; };
		B6CEC79F26CD3F4A00D84EBC /* Base */ = {isa = PBXFileReference; lastKnownFileType = file.storyboard; name = Base; path = Base.lproj/LaunchScreen.storyboard; sourceTree = "<group>"; };
		B6CEC7A126CD3F4A00D84EBC /* Info.plist */ = {isa = PBXFileReference; lastKnownFileType = text.plist.xml; path = Info.plist; sourceTree = "<group>"; };
		B6CEC7AA26CD4B4800D84EBC /* SearchVC.swift */ = {isa = PBXFileReference; lastKnownFileType = sourcecode.swift; path = SearchVC.swift; sourceTree = "<group>"; };
		B6CEC7AD26CD4B6500D84EBC /* FavoriteListVC.swift */ = {isa = PBXFileReference; lastKnownFileType = sourcecode.swift; path = FavoriteListVC.swift; sourceTree = "<group>"; };
		B6CEC7B126CD54DF00D84EBC /* GFButton.swift */ = {isa = PBXFileReference; lastKnownFileType = sourcecode.swift; path = GFButton.swift; sourceTree = "<group>"; };
		B6CEC7B426CD54F500D84EBC /* GFTextField.swift */ = {isa = PBXFileReference; lastKnownFileType = sourcecode.swift; path = GFTextField.swift; sourceTree = "<group>"; };
		B6DB5A8E26D4045E000D6F44 /* UIHelper.swift */ = {isa = PBXFileReference; lastKnownFileType = sourcecode.swift; path = UIHelper.swift; sourceTree = "<group>"; };
/* End PBXFileReference section */

/* Begin PBXFrameworksBuildPhase section */
		B6CEC78D26CD3F4900D84EBC /* Frameworks */ = {
			isa = PBXFrameworksBuildPhase;
			buildActionMask = 2147483647;
			files = (
			);
			runOnlyForDeploymentPostprocessing = 0;
		};
/* End PBXFrameworksBuildPhase section */

/* Begin PBXGroup section */
		B6018E2D26DE585F00072B5D /* ItemInfoVCs */ = {
			isa = PBXGroup;
			children = (
				B6018E2426DE521300072B5D /* GFItemInfoVC.swift */,
				B6018E2726DE558300072B5D /* GFRepoItemVC.swift */,
				B6018E2A26DE581500072B5D /* GFFollowerItemVC.swift */,
			);
			path = ItemInfoVCs;
			sourceTree = "<group>";
		};
		B67D525526D12B4000A7737C /* Network Manager */ = {
			isa = PBXGroup;
			children = (
				B67D525626D12B5A00A7737C /* Network Manager.swift */,
				B689743F26EA84E400EA4352 /* PersistanceManager.swift */,
			);
			path = "Network Manager";
			sourceTree = "<group>";
		};
		B67D525926D136D600A7737C /* Utitlities */ = {
			isa = PBXGroup;
			children = (
				B67D525A26D136E600A7737C /* ErrorMessage.swift */,
				B6DB5A8E26D4045E000D6F44 /* UIHelper.swift */,
				B67F372026D7E21700A5E37B /* SFSympols.swift */,
			);
			path = Utitlities;
			sourceTree = "<group>";
		};
		B67D526126D1460800A7737C /* Cells */ = {
			isa = PBXGroup;
			children = (
				B67D525E26D145F600A7737C /* FollowerCell.swift */,
				B67A7B9B26F39BFA0037504E /* FavoriteCell.swift */,
			);
			path = Cells;
			sourceTree = "<group>";
		};
		B6833D1826D6565D006B7110 /* Labels */ = {
			isa = PBXGroup;
			children = (
				B697902026CED6FA00721F75 /* GFBodyLabel.swift */,
				B697901D26CED59100721F75 /* GFTitleLabel.swift */,
				B67F371A26D7C0B300A5E37B /* GFSecondaryTitleLabel.swift */,
			);
			name = Labels;
			sourceTree = "<group>";
		};
		B6833D1926D6566E006B7110 /* ViewControllers */ = {
			isa = PBXGroup;
			children = (
				B6947B0E26F9083700A06D57 /* TabBarViewControllers */,
				B6018E2D26DE585F00072B5D /* ItemInfoVCs */,
				B68B746826CEDBE40068FB06 /* GFAlertVC.swift */,
				B67F371D26D7C18500A5E37B /* GFUserInfoHeaderVC.swift */,
			);
			path = ViewControllers;
			sourceTree = "<group>";
		};
		B6833D1B26D6567B006B7110 /* Images */ = {
			isa = PBXGroup;
			children = (
				B67D526326D1463200A7737C /* GFAvatarImaveView.swift */,
			);
			path = Images;
			sourceTree = "<group>";
		};
		B6833D1D26D6568C006B7110 /* TextField */ = {
			isa = PBXGroup;
			children = (
				B6CEC7B426CD54F500D84EBC /* GFTextField.swift */,
			);
			path = TextField;
			sourceTree = "<group>";
		};
		B6833D1F26D65692006B7110 /* Buttons */ = {
			isa = PBXGroup;
			children = (
				B6CEC7B126CD54DF00D84EBC /* GFButton.swift */,
			);
			path = Buttons;
			sourceTree = "<group>";
		};
		B6833D2126D65716006B7110 /* Views */ = {
			isa = PBXGroup;
			children = (
				B6833D2226D65737006B7110 /* GFEmptyStateView.swift */,
				B6018E2126DE49A300072B5D /* GFItemInfoView.swift */,
			);
			name = Views;
			sourceTree = "<group>";
		};
		B68B747026CEECB30068FB06 /* Extenstion */ = {
			isa = PBXGroup;
			children = (
				B68B746C26CEE0180068FB06 /* UIViewController + Ext.swift */,
				B670FF7726E1611900CF8D9C /* Date + Ext.swift */,
			);
			path = Extenstion;
			sourceTree = "<group>";
		};
		B68B747126CEECBD0068FB06 /* Custom Views */ = {
			isa = PBXGroup;
			children = (
				B6833D2126D65716006B7110 /* Views */,
				B67D526126D1460800A7737C /* Cells */,
				B6833D1F26D65692006B7110 /* Buttons */,
				B6833D1D26D6568C006B7110 /* TextField */,
				B6833D1926D6566E006B7110 /* ViewControllers */,
				B6833D1826D6565D006B7110 /* Labels */,
				B6833D1B26D6567B006B7110 /* Images */,
			);
			path = "Custom Views";
			sourceTree = "<group>";
		};
		B68B747226CEECC40068FB06 /* Screens */ = {
			isa = PBXGroup;
			children = (
				B6CEC7AA26CD4B4800D84EBC /* SearchVC.swift */,
				B685A94E26CE47D700824802 /* FollowerListVC.swift */,
				B6CEC7AD26CD4B6500D84EBC /* FavoriteListVC.swift */,
				B6833D2626D67115006B7110 /* UserInfoVC.swift */,
				B68B747126CEECBD0068FB06 /* Custom Views */,
			);
			path = Screens;
			sourceTree = "<group>";
		};
		B68B747326CEECCA0068FB06 /* Support */ = {
			isa = PBXGroup;
			children = (
				B6CEC79326CD3F4900D84EBC /* AppDelegate.swift */,
				B6CEC79526CD3F4900D84EBC /* SceneDelegate.swift */,
				B6CEC79C26CD3F4A00D84EBC /* Assets.xcassets */,
				B6CEC79E26CD3F4A00D84EBC /* LaunchScreen.storyboard */,
			);
			path = Support;
			sourceTree = "<group>";
		};
		B68B747426CEEFA20068FB06 /* Model */ = {
			isa = PBXGroup;
			children = (
				B68B747526CEEFAD0068FB06 /* Follower.swift */,
				B68B747826CEF0590068FB06 /* User.swift */,
			);
			path = Model;
			sourceTree = "<group>";
		};
		B6947B0E26F9083700A06D57 /* TabBarViewControllers */ = {
			isa = PBXGroup;
			children = (
				B6947B0F26F9088F00A06D57 /* GFTabBarController.swift */,
			);
			path = TabBarViewControllers;
			sourceTree = "<group>";
		};
		B6CEC78726CD3F4900D84EBC = {
			isa = PBXGroup;
			children = (
				B6CEC79226CD3F4900D84EBC /* GithubPractiseProject */,
				B6CEC79126CD3F4900D84EBC /* Products */,
			);
			sourceTree = "<group>";
		};
		B6CEC79126CD3F4900D84EBC /* Products */ = {
			isa = PBXGroup;
			children = (
				B6CEC79026CD3F4900D84EBC /* GithubPractiseProject.app */,
			);
			name = Products;
			sourceTree = "<group>";
		};
		B6CEC79226CD3F4900D84EBC /* GithubPractiseProject */ = {
			isa = PBXGroup;
			children = (
				B67D525926D136D600A7737C /* Utitlities */,
				B67D525526D12B4000A7737C /* Network Manager */,
				B68B747426CEEFA20068FB06 /* Model */,
				B68B747226CEECC40068FB06 /* Screens */,
				B68B747026CEECB30068FB06 /* Extenstion */,
				B68B747326CEECCA0068FB06 /* Support */,
				B6CEC7A126CD3F4A00D84EBC /* Info.plist */,
			);
			path = GithubPractiseProject;
			sourceTree = "<group>";
		};
/* End PBXGroup section */

/* Begin PBXNativeTarget section */
		B6CEC78F26CD3F4900D84EBC /* GithubPractiseProject */ = {
			isa = PBXNativeTarget;
			buildConfigurationList = B6CEC7A426CD3F4A00D84EBC /* Build configuration list for PBXNativeTarget "GithubPractiseProject" */;
			buildPhases = (
				B6CEC78C26CD3F4900D84EBC /* Sources */,
				B6CEC78D26CD3F4900D84EBC /* Frameworks */,
				B6CEC78E26CD3F4900D84EBC /* Resources */,
			);
			buildRules = (
			);
			dependencies = (
			);
			name = GithubPractiseProject;
			productName = GithubPractiseProject;
			productReference = B6CEC79026CD3F4900D84EBC /* GithubPractiseProject.app */;
			productType = "com.apple.product-type.application";
		};
/* End PBXNativeTarget section */

/* Begin PBXProject section */
		B6CEC78826CD3F4900D84EBC /* Project object */ = {
			isa = PBXProject;
			attributes = {
				LastSwiftUpdateCheck = 1240;
				LastUpgradeCheck = 1240;
				TargetAttributes = {
					B6CEC78F26CD3F4900D84EBC = {
						CreatedOnToolsVersion = 12.4;
					};
				};
			};
			buildConfigurationList = B6CEC78B26CD3F4900D84EBC /* Build configuration list for PBXProject "GithubPractiseProject" */;
			compatibilityVersion = "Xcode 9.3";
			developmentRegion = en;
			hasScannedForEncodings = 0;
			knownRegions = (
				en,
				Base,
			);
			mainGroup = B6CEC78726CD3F4900D84EBC;
			productRefGroup = B6CEC79126CD3F4900D84EBC /* Products */;
			projectDirPath = "";
			projectRoot = "";
			targets = (
				B6CEC78F26CD3F4900D84EBC /* GithubPractiseProject */,
			);
		};
/* End PBXProject section */

/* Begin PBXResourcesBuildPhase section */
		B6CEC78E26CD3F4900D84EBC /* Resources */ = {
			isa = PBXResourcesBuildPhase;
			buildActionMask = 2147483647;
			files = (
				B6CEC7A026CD3F4A00D84EBC /* LaunchScreen.storyboard in Resources */,
				B6CEC79D26CD3F4A00D84EBC /* Assets.xcassets in Resources */,
			);
			runOnlyForDeploymentPostprocessing = 0;
		};
/* End PBXResourcesBuildPhase section */

/* Begin PBXSourcesBuildPhase section */
		B6CEC78C26CD3F4900D84EBC /* Sources */ = {
			isa = PBXSourcesBuildPhase;
			buildActionMask = 2147483647;
			files = (
				B6CEC7AB26CD4B4800D84EBC /* SearchVC.swift in Sources */,
				B6CEC7AE26CD4B6500D84EBC /* FavoriteListVC.swift in Sources */,
				B6CEC7B226CD54DF00D84EBC /* GFButton.swift in Sources */,
				B6947B1026F9088F00A06D57 /* GFTabBarController.swift in Sources */,
				B67F371E26D7C18500A5E37B /* GFUserInfoHeaderVC.swift in Sources */,
				B689744026EA84E400EA4352 /* PersistanceManager.swift in Sources */,
				B68B746D26CEE0180068FB06 /* UIViewController + Ext.swift in Sources */,
				B670FF7826E1611900CF8D9C /* Date + Ext.swift in Sources */,
				B67F372126D7E21700A5E37B /* SFSympols.swift in Sources */,
				B6018E2526DE521300072B5D /* GFItemInfoVC.swift in Sources */,
				B6833D2326D65737006B7110 /* GFEmptyStateView.swift in Sources */,
				B6CEC79426CD3F4900D84EBC /* AppDelegate.swift in Sources */,
				B68B747926CEF0590068FB06 /* User.swift in Sources */,
				B67F371B26D7C0B300A5E37B /* GFSecondaryTitleLabel.swift in Sources */,
				B6018E2B26DE581500072B5D /* GFFollowerItemVC.swift in Sources */,
				B6018E2226DE49A300072B5D /* GFItemInfoView.swift in Sources */,
				B67D525F26D145F600A7737C /* FollowerCell.swift in Sources */,
				B68B746926CEDBE40068FB06 /* GFAlertVC.swift in Sources */,
				B6CEC79626CD3F4900D84EBC /* SceneDelegate.swift in Sources */,
				B6833D2726D67115006B7110 /* UserInfoVC.swift in Sources */,
				B697901E26CED59100721F75 /* GFTitleLabel.swift in Sources */,
				B68B747626CEEFAD0068FB06 /* Follower.swift in Sources */,
				B67D525726D12B5A00A7737C /* Network Manager.swift in Sources */,
				B67D526426D1463200A7737C /* GFAvatarImaveView.swift in Sources */,
				B67D525B26D136E600A7737C /* ErrorMessage.swift in Sources */,
				B6DB5A8F26D4045E000D6F44 /* UIHelper.swift in Sources */,
				B685A94F26CE47D700824802 /* FollowerListVC.swift in Sources */,
				B6CEC7B526CD54F500D84EBC /* GFTextField.swift in Sources */,
				B67A7B9C26F39BFA0037504E /* FavoriteCell.swift in Sources */,
				B6018E2826DE558300072B5D /* GFRepoItemVC.swift in Sources */,
				B697902126CED6FA00721F75 /* GFBodyLabel.swift in Sources */,
			);
			runOnlyForDeploymentPostprocessing = 0;
		};
/* End PBXSourcesBuildPhase section */

/* Begin PBXVariantGroup section */
		B6CEC79E26CD3F4A00D84EBC /* LaunchScreen.storyboard */ = {
			isa = PBXVariantGroup;
			children = (
				B6CEC79F26CD3F4A00D84EBC /* Base */,
			);
			name = LaunchScreen.storyboard;
			sourceTree = "<group>";
		};
/* End PBXVariantGroup section */

/* Begin XCBuildConfiguration section */
		B6CEC7A226CD3F4A00D84EBC /* Debug */ = {
			isa = XCBuildConfiguration;
			buildSettings = {
				ALWAYS_SEARCH_USER_PATHS = NO;
				CLANG_ANALYZER_NONNULL = YES;
				CLANG_ANALYZER_NUMBER_OBJECT_CONVERSION = YES_AGGRESSIVE;
				CLANG_CXX_LANGUAGE_STANDARD = "gnu++14";
				CLANG_CXX_LIBRARY = "libc++";
				CLANG_ENABLE_MODULES = YES;
				CLANG_ENABLE_OBJC_ARC = YES;
				CLANG_ENABLE_OBJC_WEAK = YES;
				CLANG_WARN_BLOCK_CAPTURE_AUTORELEASING = YES;
				CLANG_WARN_BOOL_CONVERSION = YES;
				CLANG_WARN_COMMA = YES;
				CLANG_WARN_CONSTANT_CONVERSION = YES;
				CLANG_WARN_DEPRECATED_OBJC_IMPLEMENTATIONS = YES;
				CLANG_WARN_DIRECT_OBJC_ISA_USAGE = YES_ERROR;
				CLANG_WARN_DOCUMENTATION_COMMENTS = YES;
				CLANG_WARN_EMPTY_BODY = YES;
				CLANG_WARN_ENUM_CONVERSION = YES;
				CLANG_WARN_INFINITE_RECURSION = YES;
				CLANG_WARN_INT_CONVERSION = YES;
				CLANG_WARN_NON_LITERAL_NULL_CONVERSION = YES;
				CLANG_WARN_OBJC_IMPLICIT_RETAIN_SELF = YES;
				CLANG_WARN_OBJC_LITERAL_CONVERSION = YES;
				CLANG_WARN_OBJC_ROOT_CLASS = YES_ERROR;
				CLANG_WARN_QUOTED_INCLUDE_IN_FRAMEWORK_HEADER = YES;
				CLANG_WARN_RANGE_LOOP_ANALYSIS = YES;
				CLANG_WARN_STRICT_PROTOTYPES = YES;
				CLANG_WARN_SUSPICIOUS_MOVE = YES;
				CLANG_WARN_UNGUARDED_AVAILABILITY = YES_AGGRESSIVE;
				CLANG_WARN_UNREACHABLE_CODE = YES;
				CLANG_WARN__DUPLICATE_METHOD_MATCH = YES;
				COPY_PHASE_STRIP = NO;
				DEBUG_INFORMATION_FORMAT = dwarf;
				ENABLE_STRICT_OBJC_MSGSEND = YES;
				ENABLE_TESTABILITY = YES;
				GCC_C_LANGUAGE_STANDARD = gnu11;
				GCC_DYNAMIC_NO_PIC = NO;
				GCC_NO_COMMON_BLOCKS = YES;
				GCC_OPTIMIZATION_LEVEL = 0;
				GCC_PREPROCESSOR_DEFINITIONS = (
					"DEBUG=1",
					"$(inherited)",
				);
				GCC_WARN_64_TO_32_BIT_CONVERSION = YES;
				GCC_WARN_ABOUT_RETURN_TYPE = YES_ERROR;
				GCC_WARN_UNDECLARED_SELECTOR = YES;
				GCC_WARN_UNINITIALIZED_AUTOS = YES_AGGRESSIVE;
				GCC_WARN_UNUSED_FUNCTION = YES;
				GCC_WARN_UNUSED_VARIABLE = YES;
				IPHONEOS_DEPLOYMENT_TARGET = 14.4;
				MTL_ENABLE_DEBUG_INFO = INCLUDE_SOURCE;
				MTL_FAST_MATH = YES;
				ONLY_ACTIVE_ARCH = YES;
				SDKROOT = iphoneos;
				SWIFT_ACTIVE_COMPILATION_CONDITIONS = DEBUG;
				SWIFT_OPTIMIZATION_LEVEL = "-Onone";
			};
			name = Debug;
		};
		B6CEC7A326CD3F4A00D84EBC /* Release */ = {
			isa = XCBuildConfiguration;
			buildSettings = {
				ALWAYS_SEARCH_USER_PATHS = NO;
				CLANG_ANALYZER_NONNULL = YES;
				CLANG_ANALYZER_NUMBER_OBJECT_CONVERSION = YES_AGGRESSIVE;
				CLANG_CXX_LANGUAGE_STANDARD = "gnu++14";
				CLANG_CXX_LIBRARY = "libc++";
				CLANG_ENABLE_MODULES = YES;
				CLANG_ENABLE_OBJC_ARC = YES;
				CLANG_ENABLE_OBJC_WEAK = YES;
				CLANG_WARN_BLOCK_CAPTURE_AUTORELEASING = YES;
				CLANG_WARN_BOOL_CONVERSION = YES;
				CLANG_WARN_COMMA = YES;
				CLANG_WARN_CONSTANT_CONVERSION = YES;
				CLANG_WARN_DEPRECATED_OBJC_IMPLEMENTATIONS = YES;
				CLANG_WARN_DIRECT_OBJC_ISA_USAGE = YES_ERROR;
				CLANG_WARN_DOCUMENTATION_COMMENTS = YES;
				CLANG_WARN_EMPTY_BODY = YES;
				CLANG_WARN_ENUM_CONVERSION = YES;
				CLANG_WARN_INFINITE_RECURSION = YES;
				CLANG_WARN_INT_CONVERSION = YES;
				CLANG_WARN_NON_LITERAL_NULL_CONVERSION = YES;
				CLANG_WARN_OBJC_IMPLICIT_RETAIN_SELF = YES;
				CLANG_WARN_OBJC_LITERAL_CONVERSION = YES;
				CLANG_WARN_OBJC_ROOT_CLASS = YES_ERROR;
				CLANG_WARN_QUOTED_INCLUDE_IN_FRAMEWORK_HEADER = YES;
				CLANG_WARN_RANGE_LOOP_ANALYSIS = YES;
				CLANG_WARN_STRICT_PROTOTYPES = YES;
				CLANG_WARN_SUSPICIOUS_MOVE = YES;
				CLANG_WARN_UNGUARDED_AVAILABILITY = YES_AGGRESSIVE;
				CLANG_WARN_UNREACHABLE_CODE = YES;
				CLANG_WARN__DUPLICATE_METHOD_MATCH = YES;
				COPY_PHASE_STRIP = NO;
				DEBUG_INFORMATION_FORMAT = "dwarf-with-dsym";
				ENABLE_NS_ASSERTIONS = NO;
				ENABLE_STRICT_OBJC_MSGSEND = YES;
				GCC_C_LANGUAGE_STANDARD = gnu11;
				GCC_NO_COMMON_BLOCKS = YES;
				GCC_WARN_64_TO_32_BIT_CONVERSION = YES;
				GCC_WARN_ABOUT_RETURN_TYPE = YES_ERROR;
				GCC_WARN_UNDECLARED_SELECTOR = YES;
				GCC_WARN_UNINITIALIZED_AUTOS = YES_AGGRESSIVE;
				GCC_WARN_UNUSED_FUNCTION = YES;
				GCC_WARN_UNUSED_VARIABLE = YES;
				IPHONEOS_DEPLOYMENT_TARGET = 14.4;
				MTL_ENABLE_DEBUG_INFO = NO;
				MTL_FAST_MATH = YES;
				SDKROOT = iphoneos;
				SWIFT_COMPILATION_MODE = wholemodule;
				SWIFT_OPTIMIZATION_LEVEL = "-O";
				VALIDATE_PRODUCT = YES;
			};
			name = Release;
		};
		B6CEC7A526CD3F4A00D84EBC /* Debug */ = {
			isa = XCBuildConfiguration;
			buildSettings = {
				ASSETCATALOG_COMPILER_APPICON_NAME = AppIcon;
				ASSETCATALOG_COMPILER_GLOBAL_ACCENT_COLOR_NAME = AccentColor;
				CODE_SIGN_STYLE = Automatic;
				DEVELOPMENT_TEAM = D5R69Q32RG;
				INFOPLIST_FILE = GithubPractiseProject/Info.plist;
				LD_RUNPATH_SEARCH_PATHS = (
					"$(inherited)",
					"@executable_path/Frameworks",
				);
				PRODUCT_BUNDLE_IDENTIFIER = "Hady-Org.GithubPractiseProject";
				PRODUCT_NAME = "$(TARGET_NAME)";
				SWIFT_VERSION = 5.0;
				TARGETED_DEVICE_FAMILY = "1,2";
			};
			name = Debug;
		};
		B6CEC7A626CD3F4A00D84EBC /* Release */ = {
			isa = XCBuildConfiguration;
			buildSettings = {
				ASSETCATALOG_COMPILER_APPICON_NAME = AppIcon;
				ASSETCATALOG_COMPILER_GLOBAL_ACCENT_COLOR_NAME = AccentColor;
				CODE_SIGN_STYLE = Automatic;
				DEVELOPMENT_TEAM = D5R69Q32RG;
				INFOPLIST_FILE = GithubPractiseProject/Info.plist;
				LD_RUNPATH_SEARCH_PATHS = (
					"$(inherited)",
					"@executable_path/Frameworks",
				);
				PRODUCT_BUNDLE_IDENTIFIER = "Hady-Org.GithubPractiseProject";
				PRODUCT_NAME = "$(TARGET_NAME)";
				SWIFT_VERSION = 5.0;
				TARGETED_DEVICE_FAMILY = "1,2";
			};
			name = Release;
		};
/* End XCBuildConfiguration section */

/* Begin XCConfigurationList section */
		B6CEC78B26CD3F4900D84EBC /* Build configuration list for PBXProject "GithubPractiseProject" */ = {
			isa = XCConfigurationList;
			buildConfigurations = (
				B6CEC7A226CD3F4A00D84EBC /* Debug */,
				B6CEC7A326CD3F4A00D84EBC /* Release */,
			);
			defaultConfigurationIsVisible = 0;
			defaultConfigurationName = Release;
		};
		B6CEC7A426CD3F4A00D84EBC /* Build configuration list for PBXNativeTarget "GithubPractiseProject" */ = {
			isa = XCConfigurationList;
			buildConfigurations = (
				B6CEC7A526CD3F4A00D84EBC /* Debug */,
				B6CEC7A626CD3F4A00D84EBC /* Release */,
			);
			defaultConfigurationIsVisible = 0;
			defaultConfigurationName = Release;
		};
/* End XCConfigurationList section */
	};
	rootObject = B6CEC78826CD3F4900D84EBC /* Project object */;
}
